<Solution>
  <Project Path="DTOs/DTOs.csproj" Id="cee8eecb-d25e-4f4e-88cb-5a731f621b75" />
  <Project Path="Libreria.LogicaAccesoDatos/Libreria.LogicaAccesoDatos.csproj" />
  <Project Path="Libreria.LogicaAplicaion/Libreria.LogicaAplicacion.csproj" />
  <Project Path="Libreria.LogicaNegocio/Libreria.LogicaNegocio.csproj" />
  <Project Path="LibreriaWebAppMVC/LibreriaWebAppMVC.csproj" />
</Solution>
